
Microsoft Visual Studio Solution File, Format Version 12.00
# Visual Studio Version 17
VisualStudioVersion = 17.0.31903.59
MinimumVisualStudioVersion = 10.0.40219.1
Project("{FAE04EC0-301F-11D3-BF4B-00C04F79EFBC}") = "Escola.API", "Escola.API\Escola.API.csproj", "{E82352B2-40F8-49A1-894C-1CA51BAC96D4}"
EndProject
Project("{FAE04EC0-301F-11D3-BF4B-00C04F79EFBC}") = "Escola.Domain", "Escola.Domain\Escola.Domain.csproj", "{6D4C0052-3986-4FA1-A781-EC512100457E}"
EndProject
Project("{FAE04EC0-301F-11D3-BF4B-00C04F79EFBC}") = "Escola.Infra.Data", "Escola.Infra.Data\Escola.Infra.Data.csproj", "{9A3A475F-0A40-481E-9F85-9109C49FA517}"
EndProject
Project("{FAE04EC0-301F-11D3-BF4B-00C04F79EFBC}") = "Escola.Infra.Ioc", "Escola.Infra.Ioc\Escola.Infra.Ioc.csproj", "{E1FE4977-D9DE-4F9A-A9E8-062387F83996}"
EndProject
Project("{FAE04EC0-301F-11D3-BF4B-00C04F79EFBC}") = "Escola.Application", "Escola.Application\Escola.Application.csproj", "{1827DB83-3F8C-4166-993C-3AFFEE1B05EE}"
EndProject
Global
	GlobalSection(SolutionConfigurationPlatforms) = preSolution
		Debug|Any CPU = Debug|Any CPU
		Debug|x64 = Debug|x64
		Debug|x86 = Debug|x86
		Release|Any CPU = Release|Any CPU
		Release|x64 = Release|x64
		Release|x86 = Release|x86
	EndGlobalSection
	GlobalSection(ProjectConfigurationPlatforms) = postSolution
		{E82352B2-40F8-49A1-894C-1CA51BAC96D4}.Debug|Any CPU.ActiveCfg = Debug|Any CPU
		{E82352B2-40F8-49A1-894C-1CA51BAC96D4}.Debug|Any CPU.Build.0 = Debug|Any CPU
		{E82352B2-40F8-49A1-894C-1CA51BAC96D4}.Debug|x64.ActiveCfg = Debug|Any CPU
		{E82352B2-40F8-49A1-894C-1CA51BAC96D4}.Debug|x64.Build.0 = Debug|Any CPU
		{E82352B2-40F8-49A1-894C-1CA51BAC96D4}.Debug|x86.ActiveCfg = Debug|Any CPU
		{E82352B2-40F8-49A1-894C-1CA51BAC96D4}.Debug|x86.Build.0 = Debug|Any CPU
		{E82352B2-40F8-49A1-894C-1CA51BAC96D4}.Release|Any CPU.ActiveCfg = Release|Any CPU
		{E82352B2-40F8-49A1-894C-1CA51BAC96D4}.Release|Any CPU.Build.0 = Release|Any CPU
		{E82352B2-40F8-49A1-894C-1CA51BAC96D4}.Release|x64.ActiveCfg = Release|Any CPU
		{E82352B2-40F8-49A1-894C-1CA51BAC96D4}.Release|x64.Build.0 = Release|Any CPU
		{E82352B2-40F8-49A1-894C-1CA51BAC96D4}.Release|x86.ActiveCfg = Release|Any CPU
		{E82352B2-40F8-49A1-894C-1CA51BAC96D4}.Release|x86.Build.0 = Release|Any CPU
		{6D4C0052-3986-4FA1-A781-EC512100457E}.Debug|Any CPU.ActiveCfg = Debug|Any CPU
		{6D4C0052-3986-4FA1-A781-EC512100457E}.Debug|Any CPU.Build.0 = Debug|Any CPU
		{6D4C0052-3986-4FA1-A781-EC512100457E}.Debug|x64.ActiveCfg = Debug|Any CPU
		{6D4C0052-3986-4FA1-A781-EC512100457E}.Debug|x64.Build.0 = Debug|Any CPU
		{6D4C0052-3986-4FA1-A781-EC512100457E}.Debug|x86.ActiveCfg = Debug|Any CPU
		{6D4C0052-3986-4FA1-A781-EC512100457E}.Debug|x86.Build.0 = Debug|Any CPU
		{6D4C0052-3986-4FA1-A781-EC512100457E}.Release|Any CPU.ActiveCfg = Release|Any CPU
		{6D4C0052-3986-4FA1-A781-EC512100457E}.Release|Any CPU.Build.0 = Release|Any CPU
		{6D4C0052-3986-4FA1-A781-EC512100457E}.Release|x64.ActiveCfg = Release|Any CPU
		{6D4C0052-3986-4FA1-A781-EC512100457E}.Release|x64.Build.0 = Release|Any CPU
		{6D4C0052-3986-4FA1-A781-EC512100457E}.Release|x86.ActiveCfg = Release|Any CPU
		{6D4C0052-3986-4FA1-A781-EC512100457E}.Release|x86.Build.0 = Release|Any CPU
		{9A3A475F-0A40-481E-9F85-9109C49FA517}.Debug|Any CPU.ActiveCfg = Debug|Any CPU
		{9A3A475F-0A40-481E-9F85-9109C49FA517}.Debug|Any CPU.Build.0 = Debug|Any CPU
		{9A3A475F-0A40-481E-9F85-9109C49FA517}.Debug|x64.ActiveCfg = Debug|Any CPU
		{9A3A475F-0A40-481E-9F85-9109C49FA517}.Debug|x64.Build.0 = Debug|Any CPU
		{9A3A475F-0A40-481E-9F85-9109C49FA517}.Debug|x86.ActiveCfg = Debug|Any CPU
		{9A3A475F-0A40-481E-9F85-9109C49FA517}.Debug|x86.Build.0 = Debug|Any CPU
		{9A3A475F-0A40-481E-9F85-9109C49FA517}.Release|Any CPU.ActiveCfg = Release|Any CPU
		{9A3A475F-0A40-481E-9F85-9109C49FA517}.Release|Any CPU.Build.0 = Release|Any CPU
		{9A3A475F-0A40-481E-9F85-9109C49FA517}.Release|x64.ActiveCfg = Release|Any CPU
		{9A3A475F-0A40-481E-9F85-9109C49FA517}.Release|x64.Build.0 = Release|Any CPU
		{9A3A475F-0A40-481E-9F85-9109C49FA517}.Release|x86.ActiveCfg = Release|Any CPU
		{9A3A475F-0A40-481E-9F85-9109C49FA517}.Release|x86.Build.0 = Release|Any CPU
		{E1FE4977-D9DE-4F9A-A9E8-062387F83996}.Debug|Any CPU.ActiveCfg = Debug|Any CPU
		{E1FE4977-D9DE-4F9A-A9E8-062387F83996}.Debug|Any CPU.Build.0 = Debug|Any CPU
		{E1FE4977-D9DE-4F9A-A9E8-062387F83996}.Debug|x64.ActiveCfg = Debug|Any CPU
		{E1FE4977-D9DE-4F9A-A9E8-062387F83996}.Debug|x64.Build.0 = Debug|Any CPU
		{E1FE4977-D9DE-4F9A-A9E8-062387F83996}.Debug|x86.ActiveCfg = Debug|Any CPU
		{E1FE4977-D9DE-4F9A-A9E8-062387F83996}.Debug|x86.Build.0 = Debug|Any CPU
		{E1FE4977-D9DE-4F9A-A9E8-062387F83996}.Release|Any CPU.ActiveCfg = Release|Any CPU
		{E1FE4977-D9DE-4F9A-A9E8-062387F83996}.Release|Any CPU.Build.0 = Release|Any CPU
		{E1FE4977-D9DE-4F9A-A9E8-062387F83996}.Release|x64.ActiveCfg = Release|Any CPU
		{E1FE4977-D9DE-4F9A-A9E8-062387F83996}.Release|x64.Build.0 = Release|Any CPU
		{E1FE4977-D9DE-4F9A-A9E8-062387F83996}.Release|x86.ActiveCfg = Release|Any CPU
		{E1FE4977-D9DE-4F9A-A9E8-062387F83996}.Release|x86.Build.0 = Release|Any CPU
		{1827DB83-3F8C-4166-993C-3AFFEE1B05EE}.Debug|Any CPU.ActiveCfg = Debug|Any CPU
		{1827DB83-3F8C-4166-993C-3AFFEE1B05EE}.Debug|Any CPU.Build.0 = Debug|Any CPU
		{1827DB83-3F8C-4166-993C-3AFFEE1B05EE}.Debug|x64.ActiveCfg = Debug|Any CPU
		{1827DB83-3F8C-4166-993C-3AFFEE1B05EE}.Debug|x64.Build.0 = Debug|Any CPU
		{1827DB83-3F8C-4166-993C-3AFFEE1B05EE}.Debug|x86.ActiveCfg = Debug|Any CPU
		{1827DB83-3F8C-4166-993C-3AFFEE1B05EE}.Debug|x86.Build.0 = Debug|Any CPU
		{1827DB83-3F8C-4166-993C-3AFFEE1B05EE}.Release|Any CPU.ActiveCfg = Release|Any CPU
		{1827DB83-3F8C-4166-993C-3AFFEE1B05EE}.Release|Any CPU.Build.0 = Release|Any CPU
		{1827DB83-3F8C-4166-993C-3AFFEE1B05EE}.Release|x64.ActiveCfg = Release|Any CPU
		{1827DB83-3F8C-4166-993C-3AFFEE1B05EE}.Release|x64.Build.0 = Release|Any CPU
		{1827DB83-3F8C-4166-993C-3AFFEE1B05EE}.Release|x86.ActiveCfg = Release|Any CPU
		{1827DB83-3F8C-4166-993C-3AFFEE1B05EE}.Release|x86.Build.0 = Release|Any CPU
	EndGlobalSection
	GlobalSection(SolutionProperties) = preSolution
		HideSolutionNode = FALSE
	EndGlobalSection
EndGlobal
